// !$*UTF8*$!
{
	archiveVersion = 1;
	classes = {
	};
	objectVersion = 50;
	objects = {

/* Begin PBXBuildFile section */
		ED1FF203236A0BB00023F948 /* SceneDelegate.swift in Sources */ = {isa = PBXBuildFile; fileRef = ED1FF202236A0BAF0023F948 /* SceneDelegate.swift */; };
		EDB525832368B3D0002428AB /* AppDelegate.swift in Sources */ = {isa = PBXBuildFile; fileRef = EDB525822368B3D0002428AB /* AppDelegate.swift */; };
		EDB525872368B3D0002428AB /* ViewController.swift in Sources */ = {isa = PBXBuildFile; fileRef = EDB525862368B3D0002428AB /* ViewController.swift */; };
		EDB5258A2368B3D0002428AB /* Main.storyboard in Resources */ = {isa = PBXBuildFile; fileRef = EDB525882368B3D0002428AB /* Main.storyboard */; };
		EDB5258C2368B3D3002428AB /* Assets.xcassets in Resources */ = {isa = PBXBuildFile; fileRef = EDB5258B2368B3D3002428AB /* Assets.xcassets */; };
		EDB5258F2368B3D3002428AB /* LaunchScreen.storyboard in Resources */ = {isa = PBXBuildFile; fileRef = EDB5258D2368B3D3002428AB /* LaunchScreen.storyboard */; };
		EDBE205F237337C800E206C9 /* Article.swift in Sources */ = {isa = PBXBuildFile; fileRef = EDBE205E237337C800E206C9 /* Article.swift */; };
		EDBE2061237337D500E206C9 /* Model.swift in Sources */ = {isa = PBXBuildFile; fileRef = EDBE2060237337D500E206C9 /* Model.swift */; };
		EDBF7E3F2375D9A4002A5853 /* OneNewsViewController.swift in Sources */ = {isa = PBXBuildFile; fileRef = EDBF7E3E2375D9A4002A5853 /* OneNewsViewController.swift */; };
		EDFF6BF223748C61005816C7 /* TableViewController.swift in Sources */ = {isa = PBXBuildFile; fileRef = EDFF6BF123748C61005816C7 /* TableViewController.swift */; };
/* End PBXBuildFile section */

/* Begin PBXFileReference section */
		ED1FF202236A0BAF0023F948 /* SceneDelegate.swift */ = {isa = PBXFileReference; fileEncoding = 4; lastKnownFileType = sourcecode.swift; path = SceneDelegate.swift; sourceTree = "<group>"; };
		EDB5257F2368B3D0002428AB /* iLoveBetsRus.app */ = {isa = PBXFileReference; explicitFileType = wrapper.application; includeInIndex = 0; path = iLoveBetsRus.app; sourceTree = BUILT_PRODUCTS_DIR; };
		EDB525822368B3D0002428AB /* AppDelegate.swift */ = {isa = PBXFileReference; lastKnownFileType = sourcecode.swift; path = AppDelegate.swift; sourceTree = "<group>"; };
		EDB525862368B3D0002428AB /* ViewController.swift */ = {isa = PBXFileReference; lastKnownFileType = sourcecode.swift; path = ViewController.swift; sourceTree = "<group>"; };
		EDB525892368B3D0002428AB /* Base */ = {isa = PBXFileReference; lastKnownFileType = file.storyboard; name = Base; path = Base.lproj/Main.storyboard; sourceTree = "<group>"; };
		EDB5258B2368B3D3002428AB /* Assets.xcassets */ = {isa = PBXFileReference; lastKnownFileType = folder.assetcatalog; path = Assets.xcassets; sourceTree = "<group>"; };
		EDB5258E2368B3D3002428AB /* Base */ = {isa = PBXFileReference; lastKnownFileType = file.storyboard; name = Base; path = Base.lproj/LaunchScreen.storyboard; sourceTree = "<group>"; };
		EDB525902368B3D3002428AB /* Info.plist */ = {isa = PBXFileReference; lastKnownFileType = text.plist.xml; path = Info.plist; sourceTree = "<group>"; };
		EDBE205E237337C800E206C9 /* Article.swift */ = {isa = PBXFileReference; lastKnownFileType = sourcecode.swift; path = Article.swift; sourceTree = "<group>"; };
		EDBE2060237337D500E206C9 /* Model.swift */ = {isa = PBXFileReference; lastKnownFileType = sourcecode.swift; path = Model.swift; sourceTree = "<group>"; };
		EDBF7E3E2375D9A4002A5853 /* OneNewsViewController.swift */ = {isa = PBXFileReference; lastKnownFileType = sourcecode.swift; path = OneNewsViewController.swift; sourceTree = "<group>"; };
		EDFF6BF123748C61005816C7 /* TableViewController.swift */ = {isa = PBXFileReference; lastKnownFileType = sourcecode.swift; path = TableViewController.swift; sourceTree = "<group>"; };
/* End PBXFileReference section */

/* Begin PBXFrameworksBuildPhase section */
		EDB5257C2368B3D0002428AB /* Frameworks */ = {
			isa = PBXFrameworksBuildPhase;
			buildActionMask = 2147483647;
			files = (
			);
			runOnlyForDeploymentPostprocessing = 0;
		};
/* End PBXFrameworksBuildPhase section */

/* Begin PBXGroup section */
		ED1FF1DE236A02F00023F948 /* SupportingFiles */ = {
			isa = PBXGroup;
			children = (
			);
			path = SupportingFiles;
			sourceTree = "<group>";
		};
		ED1FF1DF236A03B00023F948 /* Images_Buttons */ = {
			isa = PBXGroup;
			children = (
			);
			path = Images_Buttons;
			sourceTree = "<group>";
		};
		ED7B7080236CA44200784F55 /* Model */ = {
			isa = PBXGroup;
			children = (
				EDBE205E237337C800E206C9 /* Article.swift */,
				EDBE2060237337D500E206C9 /* Model.swift */,
			);
			path = Model;
			sourceTree = "<group>";
		};
		EDB525762368B3D0002428AB = {
			isa = PBXGroup;
			children = (
				EDB525812368B3D0002428AB /* iLoveBetsRus */,
				EDB525802368B3D0002428AB /* Products */,
			);
			sourceTree = "<group>";
		};
		EDB525802368B3D0002428AB /* Products */ = {
			isa = PBXGroup;
			children = (
				EDB5257F2368B3D0002428AB /* iLoveBetsRus.app */,
			);
			name = Products;
			sourceTree = "<group>";
		};
		EDB525812368B3D0002428AB /* iLoveBetsRus */ = {
			isa = PBXGroup;
			children = (
				ED7B7080236CA44200784F55 /* Model */,
				ED1FF1DF236A03B00023F948 /* Images_Buttons */,
				ED1FF1DE236A02F00023F948 /* SupportingFiles */,
				EDB525822368B3D0002428AB /* AppDelegate.swift */,
				ED1FF202236A0BAF0023F948 /* SceneDelegate.swift */,
				EDB525862368B3D0002428AB /* ViewController.swift */,
				EDFF6BF123748C61005816C7 /* TableViewController.swift */,
				EDBF7E3E2375D9A4002A5853 /* OneNewsViewController.swift */,
				EDB5258B2368B3D3002428AB /* Assets.xcassets */,
				EDB525882368B3D0002428AB /* Main.storyboard */,
				EDB5258D2368B3D3002428AB /* LaunchScreen.storyboard */,
				EDB525902368B3D3002428AB /* Info.plist */,
			);
			path = iLoveBetsRus;
			sourceTree = "<group>";
		};
/* End PBXGroup section */

/* Begin PBXNativeTarget section */
		EDB5257E2368B3D0002428AB /* iLoveBetsRus */ = {
			isa = PBXNativeTarget;
			buildConfigurationList = EDB525932368B3D3002428AB /* Build configuration list for PBXNativeTarget "iLoveBetsRus" */;
			buildPhases = (
				EDB5257B2368B3D0002428AB /* Sources */,
				EDB5257C2368B3D0002428AB /* Frameworks */,
				EDB5257D2368B3D0002428AB /* Resources */,
			);
			buildRules = (
			);
			dependencies = (
			);
			name = iLoveBetsRus;
			productName = iLoveBetsRus;
			productReference = EDB5257F2368B3D0002428AB /* iLoveBetsRus.app */;
			productType = "com.apple.product-type.application";
		};
/* End PBXNativeTarget section */

/* Begin PBXProject section */
		EDB525772368B3D0002428AB /* Project object */ = {
			isa = PBXProject;
			attributes = {
				LastSwiftUpdateCheck = 1100;
				LastUpgradeCheck = 1100;
				ORGANIZATIONNAME = "Roman Bobrov";
				TargetAttributes = {
					EDB5257E2368B3D0002428AB = {
						CreatedOnToolsVersion = 11.0;
					};
				};
			};
			buildConfigurationList = EDB5257A2368B3D0002428AB /* Build configuration list for PBXProject "iLoveBetsRus" */;
			compatibilityVersion = "Xcode 9.3";
			developmentRegion = en;
			hasScannedForEncodings = 0;
			knownRegions = (
				en,
				Base,
			);
			mainGroup = EDB525762368B3D0002428AB;
			productRefGroup = EDB525802368B3D0002428AB /* Products */;
			projectDirPath = "";
			projectRoot = "";
			targets = (
				EDB5257E2368B3D0002428AB /* iLoveBetsRus */,
			);
		};
/* End PBXProject section */

/* Begin PBXResourcesBuildPhase section */
		EDB5257D2368B3D0002428AB /* Resources */ = {
			isa = PBXResourcesBuildPhase;
			buildActionMask = 2147483647;
			files = (
				EDB5258F2368B3D3002428AB /* LaunchScreen.storyboard in Resources */,
				EDB5258C2368B3D3002428AB /* Assets.xcassets in Resources */,
				EDB5258A2368B3D0002428AB /* Main.storyboard in Resources */,
			);
			runOnlyForDeploymentPostprocessing = 0;
		};
/* End PBXResourcesBuildPhase section */

/* Begin PBXSourcesBuildPhase section */
		EDB5257B2368B3D0002428AB /* Sources */ = {
			isa = PBXSourcesBuildPhase;
			buildActionMask = 2147483647;
			files = (
				EDBE2061237337D500E206C9 /* Model.swift in Sources */,
				EDFF6BF223748C61005816C7 /* TableViewController.swift in Sources */,
				EDBE205F237337C800E206C9 /* Article.swift in Sources */,
				EDB525872368B3D0002428AB /* ViewController.swift in Sources */,
				EDB525832368B3D0002428AB /* AppDelegate.swift in Sources */,
				ED1FF203236A0BB00023F948 /* SceneDelegate.swift in Sources */,
				EDBF7E3F2375D9A4002A5853 /* OneNewsViewController.swift in Sources */,
			);
			runOnlyForDeploymentPostprocessing = 0;
		};
/* End PBXSourcesBuildPhase section */

/* Begin PBXVariantGroup section */
		EDB525882368B3D0002428AB /* Main.storyboard */ = {
			isa = PBXVariantGroup;
			children = (
				EDB525892368B3D0002428AB /* Base */,
			);
			name = Main.storyboard;
			sourceTree = "<group>";
		};
		EDB5258D2368B3D3002428AB /* LaunchScreen.storyboard */ = {
			isa = PBXVariantGroup;
			children = (
				EDB5258E2368B3D3002428AB /* Base */,
			);
			name = LaunchScreen.storyboard;
			sourceTree = "<group>";
		};
/* End PBXVariantGroup section */

/* Begin XCBuildConfiguration section */
		EDB525912368B3D3002428AB /* Debug */ = {
			isa = XCBuildConfiguration;
			buildSettings = {
				ALWAYS_SEARCH_USER_PATHS = NO;
				CLANG_ANALYZER_NONNULL = YES;
				CLANG_ANALYZER_NUMBER_OBJECT_CONVERSION = YES_AGGRESSIVE;
				CLANG_CXX_LANGUAGE_STANDARD = "gnu++14";
				CLANG_CXX_LIBRARY = "libc++";
				CLANG_ENABLE_MODULES = YES;
				CLANG_ENABLE_OBJC_ARC = YES;
				CLANG_ENABLE_OBJC_WEAK = YES;
				CLANG_WARN_BLOCK_CAPTURE_AUTORELEASING = YES;
				CLANG_WARN_BOOL_CONVERSION = YES;
				CLANG_WARN_COMMA = YES;
				CLANG_WARN_CONSTANT_CONVERSION = YES;
				CLANG_WARN_DEPRECATED_OBJC_IMPLEMENTATIONS = YES;
				CLANG_WARN_DIRECT_OBJC_ISA_USAGE = YES_ERROR;
				CLANG_WARN_DOCUMENTATION_COMMENTS = YES;
				CLANG_WARN_EMPTY_BODY = YES;
				CLANG_WARN_ENUM_CONVERSION = YES;
				CLANG_WARN_INFINITE_RECURSION = YES;
				CLANG_WARN_INT_CONVERSION = YES;
				CLANG_WARN_NON_LITERAL_NULL_CONVERSION = YES;
				CLANG_WARN_OBJC_IMPLICIT_RETAIN_SELF = YES;
				CLANG_WARN_OBJC_LITERAL_CONVERSION = YES;
				CLANG_WARN_OBJC_ROOT_CLASS = YES_ERROR;
				CLANG_WARN_RANGE_LOOP_ANALYSIS = YES;
				CLANG_WARN_STRICT_PROTOTYPES = YES;
				CLANG_WARN_SUSPICIOUS_MOVE = YES;
				CLANG_WARN_UNGUARDED_AVAILABILITY = YES_AGGRESSIVE;
				CLANG_WARN_UNREACHABLE_CODE = YES;
				CLANG_WARN__DUPLICATE_METHOD_MATCH = YES;
				COPY_PHASE_STRIP = NO;
				DEBUG_INFORMATION_FORMAT = dwarf;
				ENABLE_STRICT_OBJC_MSGSEND = YES;
				ENABLE_TESTABILITY = YES;
				GCC_C_LANGUAGE_STANDARD = gnu11;
				GCC_DYNAMIC_NO_PIC = NO;
				GCC_NO_COMMON_BLOCKS = YES;
				GCC_OPTIMIZATION_LEVEL = 0;
				GCC_PREPROCESSOR_DEFINITIONS = (
					"DEBUG=1",
					"$(inherited)",
				);
				GCC_WARN_64_TO_32_BIT_CONVERSION = YES;
				GCC_WARN_ABOUT_RETURN_TYPE = YES_ERROR;
				GCC_WARN_UNDECLARED_SELECTOR = YES;
				GCC_WARN_UNINITIALIZED_AUTOS = YES_AGGRESSIVE;
				GCC_WARN_UNUSED_FUNCTION = YES;
				GCC_WARN_UNUSED_VARIABLE = YES;
				IPHONEOS_DEPLOYMENT_TARGET = 13.0;
				MTL_ENABLE_DEBUG_INFO = INCLUDE_SOURCE;
				MTL_FAST_MATH = YES;
				ONLY_ACTIVE_ARCH = YES;
				SDKROOT = iphoneos;
				SWIFT_ACTIVE_COMPILATION_CONDITIONS = DEBUG;
				SWIFT_OPTIMIZATION_LEVEL = "-Onone";
			};
			name = Debug;
		};
		EDB525922368B3D3002428AB /* Release */ = {
			isa = XCBuildConfiguration;
			buildSettings = {
				ALWAYS_SEARCH_USER_PATHS = NO;
				CLANG_ANALYZER_NONNULL = YES;
				CLANG_ANALYZER_NUMBER_OBJECT_CONVERSION = YES_AGGRESSIVE;
				CLANG_CXX_LANGUAGE_STANDARD = "gnu++14";
				CLANG_CXX_LIBRARY = "libc++";
				CLANG_ENABLE_MODULES = YES;
				CLANG_ENABLE_OBJC_ARC = YES;
				CLANG_ENABLE_OBJC_WEAK = YES;
				CLANG_WARN_BLOCK_CAPTURE_AUTORELEASING = YES;
				CLANG_WARN_BOOL_CONVERSION = YES;
				CLANG_WARN_COMMA = YES;
				CLANG_WARN_CONSTANT_CONVERSION = YES;
				CLANG_WARN_DEPRECATED_OBJC_IMPLEMENTATIONS = YES;
				CLANG_WARN_DIRECT_OBJC_ISA_USAGE = YES_ERROR;
				CLANG_WARN_DOCUMENTATION_COMMENTS = YES;
				CLANG_WARN_EMPTY_BODY = YES;
				CLANG_WARN_ENUM_CONVERSION = YES;
				CLANG_WARN_INFINITE_RECURSION = YES;
				CLANG_WARN_INT_CONVERSION = YES;
				CLANG_WARN_NON_LITERAL_NULL_CONVERSION = YES;
				CLANG_WARN_OBJC_IMPLICIT_RETAIN_SELF = YES;
				CLANG_WARN_OBJC_LITERAL_CONVERSION = YES;
				CLANG_WARN_OBJC_ROOT_CLASS = YES_ERROR;
				CLANG_WARN_RANGE_LOOP_ANALYSIS = YES;
				CLANG_WARN_STRICT_PROTOTYPES = YES;
				CLANG_WARN_SUSPICIOUS_MOVE = YES;
				CLANG_WARN_UNGUARDED_AVAILABILITY = YES_AGGRESSIVE;
				CLANG_WARN_UNREACHABLE_CODE = YES;
				CLANG_WARN__DUPLICATE_METHOD_MATCH = YES;
				COPY_PHASE_STRIP = NO;
				DEBUG_INFORMATION_FORMAT = "dwarf-with-dsym";
				ENABLE_NS_ASSERTIONS = NO;
				ENABLE_STRICT_OBJC_MSGSEND = YES;
				GCC_C_LANGUAGE_STANDARD = gnu11;
				GCC_NO_COMMON_BLOCKS = YES;
				GCC_WARN_64_TO_32_BIT_CONVERSION = YES;
				GCC_WARN_ABOUT_RETURN_TYPE = YES_ERROR;
				GCC_WARN_UNDECLARED_SELECTOR = YES;
				GCC_WARN_UNINITIALIZED_AUTOS = YES_AGGRESSIVE;
				GCC_WARN_UNUSED_FUNCTION = YES;
				GCC_WARN_UNUSED_VARIABLE = YES;
				IPHONEOS_DEPLOYMENT_TARGET = 13.0;
				MTL_ENABLE_DEBUG_INFO = NO;
				MTL_FAST_MATH = YES;
				SDKROOT = iphoneos;
				SWIFT_COMPILATION_MODE = wholemodule;
				SWIFT_OPTIMIZATION_LEVEL = "-O";
				VALIDATE_PRODUCT = YES;
			};
			name = Release;
		};
		EDB525942368B3D3002428AB /* Debug */ = {
			isa = XCBuildConfiguration;
			buildSettings = {
				ASSETCATALOG_COMPILER_APPICON_NAME = AppIcon;
				CODE_SIGN_STYLE = Automatic;
				CURRENT_PROJECT_VERSION = 16.1;
				DEVELOPMENT_TEAM = HQ63WJBDTX;
				INFOPLIST_FILE = iLoveBetsRus/Info.plist;
				IPHONEOS_DEPLOYMENT_TARGET = 9.3;
				LD_RUNPATH_SEARCH_PATHS = (
					"$(inherited)",
					"@executable_path/Frameworks",
				);
				MARKETING_VERSION = 16;
				PRODUCT_BUNDLE_IDENTIFIER = com.ibuildapp.ilovebets;
				PRODUCT_NAME = "$(TARGET_NAME)";
				SWIFT_VERSION = 5.0;
				TARGETED_DEVICE_FAMILY = "1,2";
			};
			name = Debug;
		};
		EDB525952368B3D3002428AB /* Release */ = {
			isa = XCBuildConfiguration;
			buildSettings = {
				ASSETCATALOG_COMPILER_APPICON_NAME = AppIcon;
				CODE_SIGN_STYLE = Automatic;
				CURRENT_PROJECT_VERSION = 16.1;
				DEVELOPMENT_TEAM = HQ63WJBDTX;
				INFOPLIST_FILE = iLoveBetsRus/Info.plist;
				IPHONEOS_DEPLOYMENT_TARGET = 9.3;
				LD_RUNPATH_SEARCH_PATHS = (
					"$(inherited)",
					"@executable_path/Frameworks",
				);
				MARKETING_VERSION = 16;
				PRODUCT_BUNDLE_IDENTIFIER = com.ibuildapp.ilovebets;
				PRODUCT_NAME = "$(TARGET_NAME)";
				SWIFT_VERSION = 5.0;
				TARGETED_DEVICE_FAMILY = "1,2";
			};
			name = Release;
		};
/* End XCBuildConfiguration section */

/* Begin XCConfigurationList section */
		EDB5257A2368B3D0002428AB /* Build configuration list for PBXProject "iLoveBetsRus" */ = {
			isa = XCConfigurationList;
			buildConfigurations = (
				EDB525912368B3D3002428AB /* Debug */,
				EDB525922368B3D3002428AB /* Release */,
			);
			defaultConfigurationIsVisible = 0;
			defaultConfigurationName = Release;
		};
		EDB525932368B3D3002428AB /* Build configuration list for PBXNativeTarget "iLoveBetsRus" */ = {
			isa = XCConfigurationList;
			buildConfigurations = (
				EDB525942368B3D3002428AB /* Debug */,
				EDB525952368B3D3002428AB /* Release */,
			);
			defaultConfigurationIsVisible = 0;
			defaultConfigurationName = Release;
		};
/* End XCConfigurationList section */
	};
	rootObject = EDB525772368B3D0002428AB /* Project object */;
}
